
Microsoft Visual Studio Solution File, Format Version 12.00
# Visual Studio Version 16
VisualStudioVersion = 16.0.29306.81
MinimumVisualStudioVersion = 10.0.40219.1
Project("{FAE04EC0-301F-11D3-BF4B-00C04F79EFBC}") = "TestTaskInvoice", "TestTaskInvoice\TestTaskInvoice.csproj", "{929BB0C7-9CDD-4D32-9D12-28A6297DE944}"
EndProject
Global
	GlobalSection(SolutionConfigurationPlatforms) = preSolution
		Debug|Any CPU = Debug|Any CPU
		Release|Any CPU = Release|Any CPU
	EndGlobalSection
	GlobalSection(ProjectConfigurationPlatforms) = postSolution
		{929BB0C7-9CDD-4D32-9D12-28A6297DE944}.Debug|Any CPU.ActiveCfg = Debug|Any CPU
		{929BB0C7-9CDD-4D32-9D12-28A6297DE944}.Debug|Any CPU.Build.0 = Debug|Any CPU
		{929BB0C7-9CDD-4D32-9D12-28A6297DE944}.Release|Any CPU.ActiveCfg = Release|Any CPU
		{929BB0C7-9CDD-4D32-9D12-28A6297DE944}.Release|Any CPU.Build.0 = Release|Any CPU
	EndGlobalSection
	GlobalSection(SolutionProperties) = preSolution
		HideSolutionNode = FALSE
	EndGlobalSection
	GlobalSection(ExtensibilityGlobals) = postSolution
		SolutionGuid = {2C759500-ECB4-4F9F-A150-AFF58A177FF1}
	EndGlobalSection
EndGlobal
